// !$*UTF8*$!
{
	archiveVersion = 1;
	classes = {
	};
	objectVersion = 46;
	objects = {

/* Begin PBXBuildFile section */
		B777EB0C1A3F9203008C6056 /* AppDelegate.swift in Sources */ = {isa = PBXBuildFile; fileRef = B777EB0B1A3F9203008C6056 /* AppDelegate.swift */; };
		B777EB0E1A3F9203008C6056 /* ViewController.swift in Sources */ = {isa = PBXBuildFile; fileRef = B777EB0D1A3F9203008C6056 /* ViewController.swift */; };
		B777EB111A3F9203008C6056 /* Main.storyboard in Resources */ = {isa = PBXBuildFile; fileRef = B777EB0F1A3F9203008C6056 /* Main.storyboard */; };
		B777EB131A3F9203008C6056 /* Images.xcassets in Resources */ = {isa = PBXBuildFile; fileRef = B777EB121A3F9203008C6056 /* Images.xcassets */; };
		B777EB161A3F9203008C6056 /* LaunchScreen.xib in Resources */ = {isa = PBXBuildFile; fileRef = B777EB141A3F9203008C6056 /* LaunchScreen.xib */; };
		B777EB221A3F9203008C6056 /* ProjectATests.swift in Sources */ = {isa = PBXBuildFile; fileRef = B777EB211A3F9203008C6056 /* ProjectATests.swift */; };
/* End PBXBuildFile section */

/* Begin PBXContainerItemProxy section */
		B777EB1C1A3F9203008C6056 /* PBXContainerItemProxy */ = {
			isa = PBXContainerItemProxy;
			containerPortal = B777EAFE1A3F9201008C6056 /* Project object */;
			proxyType = 1;
			remoteGlobalIDString = B777EB051A3F9202008C6056;
			remoteInfo = ProjectA;
		};
/* End PBXContainerItemProxy section */

/* Begin PBXFileReference section */
		B777EB061A3F9202008C6056 /* ProjectA.app */ = {isa = PBXFileReference; explicitFileType = wrapper.application; includeInIndex = 0; path = ProjectA.app; sourceTree = BUILT_PRODUCTS_DIR; };
		B777EB0A1A3F9202008C6056 /* Info.plist */ = {isa = PBXFileReference; lastKnownFileType = text.plist.xml; path = Info.plist; sourceTree = "<group>"; };
		B777EB0B1A3F9203008C6056 /* AppDelegate.swift */ = {isa = PBXFileReference; lastKnownFileType = sourcecode.swift; path = AppDelegate.swift; sourceTree = "<group>"; };
		B777EB0D1A3F9203008C6056 /* ViewController.swift */ = {isa = PBXFileReference; lastKnownFileType = sourcecode.swift; path = ViewController.swift; sourceTree = "<group>"; };
		B777EB101A3F9203008C6056 /* Base */ = {isa = PBXFileReference; lastKnownFileType = file.storyboard; name = Base; path = Base.lproj/Main.storyboard; sourceTree = "<group>"; };
		B777EB121A3F9203008C6056 /* Images.xcassets */ = {isa = PBXFileReference; lastKnownFileType = folder.assetcatalog; path = Images.xcassets; sourceTree = "<group>"; };
		B777EB151A3F9203008C6056 /* Base */ = {isa = PBXFileReference; lastKnownFileType = file.xib; name = Base; path = Base.lproj/LaunchScreen.xib; sourceTree = "<group>"; };
		B777EB1B1A3F9203008C6056 /* ProjectATests.xctest */ = {isa = PBXFileReference; explicitFileType = wrapper.cfbundle; includeInIndex = 0; path = ProjectATests.xctest; sourceTree = BUILT_PRODUCTS_DIR; };
		B777EB201A3F9203008C6056 /* Info.plist */ = {isa = PBXFileReference; lastKnownFileType = text.plist.xml; path = Info.plist; sourceTree = "<group>"; };
		B777EB211A3F9203008C6056 /* ProjectATests.swift */ = {isa = PBXFileReference; lastKnownFileType = sourcecode.swift; path = ProjectATests.swift; sourceTree = "<group>"; };
/* End PBXFileReference section */

/* Begin PBXFrameworksBuildPhase section */
		B777EB031A3F9202008C6056 /* Frameworks */ = {
			isa = PBXFrameworksBuildPhase;
			buildActionMask = 2147483647;
			files = (
			);
			runOnlyForDeploymentPostprocessing = 0;
		};
		B777EB181A3F9203008C6056 /* Frameworks */ = {
			isa = PBXFrameworksBuildPhase;
			buildActionMask = 2147483647;
			files = (
			);
			runOnlyForDeploymentPostprocessing = 0;
		};
/* End PBXFrameworksBuildPhase section */

/* Begin PBXGroup section */
		B777EAFD1A3F9201008C6056 = {
			isa = PBXGroup;
			children = (
				B777EB081A3F9202008C6056 /* ProjectA */,
				B777EB1E1A3F9203008C6056 /* ProjectATests */,
				B777EB071A3F9202008C6056 /* Products */,
			);
			sourceTree = "<group>";
		};
		B777EB071A3F9202008C6056 /* Products */ = {
			isa = PBXGroup;
			children = (
				B777EB061A3F9202008C6056 /* ProjectA.app */,
				B777EB1B1A3F9203008C6056 /* ProjectATests.xctest */,
			);
			name = Products;
			sourceTree = "<group>";
		};
		B777EB081A3F9202008C6056 /* ProjectA */ = {
			isa = PBXGroup;
			children = (
				B777EB0B1A3F9203008C6056 /* AppDelegate.swift */,
				B777EB0D1A3F9203008C6056 /* ViewController.swift */,
				B777EB0F1A3F9203008C6056 /* Main.storyboard */,
				B777EB121A3F9203008C6056 /* Images.xcassets */,
				B777EB141A3F9203008C6056 /* LaunchScreen.xib */,
				B777EB091A3F9202008C6056 /* Supporting Files */,
			);
			path = ProjectA;
			sourceTree = "<group>";
		};
		B777EB091A3F9202008C6056 /* Supporting Files */ = {
			isa = PBXGroup;
			children = (
				B777EB0A1A3F9202008C6056 /* Info.plist */,
			);
			name = "Supporting Files";
			sourceTree = "<group>";
		};
		B777EB1E1A3F9203008C6056 /* ProjectATests */ = {
			isa = PBXGroup;
			children = (
				B777EB211A3F9203008C6056 /* ProjectATests.swift */,
				B777EB1F1A3F9203008C6056 /* Supporting Files */,
			);
			path = ProjectATests;
			sourceTree = "<group>";
		};
		B777EB1F1A3F9203008C6056 /* Supporting Files */ = {
			isa = PBXGroup;
			children = (
				B777EB201A3F9203008C6056 /* Info.plist */,
			);
			name = "Supporting Files";
			sourceTree = "<group>";
		};
/* End PBXGroup section */

/* Begin PBXNativeTarget section */
		B777EB051A3F9202008C6056 /* ProjectA */ = {
			isa = PBXNativeTarget;
			buildConfigurationList = B777EB251A3F9203008C6056 /* Build configuration list for PBXNativeTarget "ProjectA" */;
			buildPhases = (
				B777EB021A3F9202008C6056 /* Sources */,
				B777EB031A3F9202008C6056 /* Frameworks */,
				B777EB041A3F9202008C6056 /* Resources */,
			);
			buildRules = (
			);
			dependencies = (
			);
			name = ProjectA;
			productName = ProjectA;
			productReference = B777EB061A3F9202008C6056 /* ProjectA.app */;
			productType = "com.apple.product-type.application";
		};
		B777EB1A1A3F9203008C6056 /* ProjectATests */ = {
			isa = PBXNativeTarget;
			buildConfigurationList = B777EB281A3F9203008C6056 /* Build configuration list for PBXNativeTarget "ProjectATests" */;
			buildPhases = (
				B777EB171A3F9203008C6056 /* Sources */,
				B777EB181A3F9203008C6056 /* Frameworks */,
				B777EB191A3F9203008C6056 /* Resources */,
			);
			buildRules = (
			);
			dependencies = (
				B777EB1D1A3F9203008C6056 /* PBXTargetDependency */,
			);
			name = ProjectATests;
			productName = ProjectATests;
			productReference = B777EB1B1A3F9203008C6056 /* ProjectATests.xctest */;
			productType = "com.apple.product-type.bundle.unit-test";
		};
/* End PBXNativeTarget section */

/* Begin PBXProject section */
		B777EAFE1A3F9201008C6056 /* Project object */ = {
			isa = PBXProject;
			attributes = {
				LastUpgradeCheck = 0610;
				ORGANIZATIONNAME = "PASCAL ARINGO ODEK";
				TargetAttributes = {
					B777EB051A3F9202008C6056 = {
						CreatedOnToolsVersion = 6.1.1;
						DevelopmentTeam = 8YJ2342CPM;
					};
					B777EB1A1A3F9203008C6056 = {
						CreatedOnToolsVersion = 6.1.1;
						TestTargetID = B777EB051A3F9202008C6056;
					};
				};
			};
			buildConfigurationList = B777EB011A3F9202008C6056 /* Build configuration list for PBXProject "ProjectA" */;
			compatibilityVersion = "Xcode 3.2";
			developmentRegion = English;
			hasScannedForEncodings = 0;
			knownRegions = (
				en,
				Base,
			);
			mainGroup = B777EAFD1A3F9201008C6056;
			productRefGroup = B777EB071A3F9202008C6056 /* Products */;
			projectDirPath = "";
			projectRoot = "";
			targets = (
				B777EB051A3F9202008C6056 /* ProjectA */,
				B777EB1A1A3F9203008C6056 /* ProjectATests */,
			);
		};
/* End PBXProject section */

/* Begin PBXResourcesBuildPhase section */
		B777EB041A3F9202008C6056 /* Resources */ = {
			isa = PBXResourcesBuildPhase;
			buildActionMask = 2147483647;
			files = (
				B777EB111A3F9203008C6056 /* Main.storyboard in Resources */,
				B777EB161A3F9203008C6056 /* LaunchScreen.xib in Resources */,
				B777EB131A3F9203008C6056 /* Images.xcassets in Resources */,
			);
			runOnlyForDeploymentPostprocessing = 0;
		};
		B777EB191A3F9203008C6056 /* Resources */ = {
			isa = PBXResourcesBuildPhase;
			buildActionMask = 2147483647;
			files = (
			);
			runOnlyForDeploymentPostprocessing = 0;
		};
/* End PBXResourcesBuildPhase section */

/* Begin PBXSourcesBuildPhase section */
		B777EB021A3F9202008C6056 /* Sources */ = {
			isa = PBXSourcesBuildPhase;
			buildActionMask = 2147483647;
			files = (
				B777EB0E1A3F9203008C6056 /* ViewController.swift in Sources */,
				B777EB0C1A3F9203008C6056 /* AppDelegate.swift in Sources */,
			);
			runOnlyForDeploymentPostprocessing = 0;
		};
		B777EB171A3F9203008C6056 /* Sources */ = {
			isa = PBXSourcesBuildPhase;
			buildActionMask = 2147483647;
			files = (
				B777EB221A3F9203008C6056 /* ProjectATests.swift in Sources */,
			);
			runOnlyForDeploymentPostprocessing = 0;
		};
/* End PBXSourcesBuildPhase section */

/* Begin PBXTargetDependency section */
		B777EB1D1A3F9203008C6056 /* PBXTargetDependency */ = {
			isa = PBXTargetDependency;
			target = B777EB051A3F9202008C6056 /* ProjectA */;
			targetProxy = B777EB1C1A3F9203008C6056 /* PBXContainerItemProxy */;
		};
/* End PBXTargetDependency section */

/* Begin PBXVariantGroup section */
		B777EB0F1A3F9203008C6056 /* Main.storyboard */ = {
			isa = PBXVariantGroup;
			children = (
				B777EB101A3F9203008C6056 /* Base */,
			);
			name = Main.storyboard;
			sourceTree = "<group>";
		};
		B777EB141A3F9203008C6056 /* LaunchScreen.xib */ = {
			isa = PBXVariantGroup;
			children = (
				B777EB151A3F9203008C6056 /* Base */,
			);
			name = LaunchScreen.xib;
			sourceTree = "<group>";
		};
/* End PBXVariantGroup section */

/* Begin XCBuildConfiguration section */
		B777EB231A3F9203008C6056 /* Debug */ = {
			isa = XCBuildConfiguration;
			buildSettings = {
				ALWAYS_SEARCH_USER_PATHS = NO;
				CLANG_CXX_LANGUAGE_STANDARD = "gnu++0x";
				CLANG_CXX_LIBRARY = "libc++";
				CLANG_ENABLE_MODULES = YES;
				CLANG_ENABLE_OBJC_ARC = YES;
				CLANG_WARN_BOOL_CONVERSION = YES;
				CLANG_WARN_CONSTANT_CONVERSION = YES;
				CLANG_WARN_DIRECT_OBJC_ISA_USAGE = YES_ERROR;
				CLANG_WARN_EMPTY_BODY = YES;
				CLANG_WARN_ENUM_CONVERSION = YES;
				CLANG_WARN_INT_CONVERSION = YES;
				CLANG_WARN_OBJC_ROOT_CLASS = YES_ERROR;
				CLANG_WARN_UNREACHABLE_CODE = YES;
				CLANG_WARN__DUPLICATE_METHOD_MATCH = YES;
				"CODE_SIGN_IDENTITY[sdk=iphoneos*]" = "iPhone Developer";
				COPY_PHASE_STRIP = NO;
				ENABLE_STRICT_OBJC_MSGSEND = YES;
				GCC_C_LANGUAGE_STANDARD = gnu99;
				GCC_DYNAMIC_NO_PIC = NO;
				GCC_OPTIMIZATION_LEVEL = 0;
				GCC_PREPROCESSOR_DEFINITIONS = (
					"DEBUG=1",
					"$(inherited)",
				);
				GCC_SYMBOLS_PRIVATE_EXTERN = NO;
				GCC_WARN_64_TO_32_BIT_CONVERSION = YES;
				GCC_WARN_ABOUT_RETURN_TYPE = YES_ERROR;
				GCC_WARN_UNDECLARED_SELECTOR = YES;
				GCC_WARN_UNINITIALIZED_AUTOS = YES_AGGRESSIVE;
				GCC_WARN_UNUSED_FUNCTION = YES;
				GCC_WARN_UNUSED_VARIABLE = YES;
				IPHONEOS_DEPLOYMENT_TARGET = 8.1;
				MTL_ENABLE_DEBUG_INFO = YES;
				ONLY_ACTIVE_ARCH = YES;
				SDKROOT = iphoneos;
				SWIFT_OPTIMIZATION_LEVEL = "-Onone";
			};
			name = Debug;
		};
		B777EB241A3F9203008C6056 /* Release */ = {
			isa = XCBuildConfiguration;
			buildSettings = {
				ALWAYS_SEARCH_USER_PATHS = NO;
				CLANG_CXX_LANGUAGE_STANDARD = "gnu++0x";
				CLANG_CXX_LIBRARY = "libc++";
				CLANG_ENABLE_MODULES = YES;
				CLANG_ENABLE_OBJC_ARC = YES;
				CLANG_WARN_BOOL_CONVERSION = YES;
				CLANG_WARN_CONSTANT_CONVERSION = YES;
				CLANG_WARN_DIRECT_OBJC_ISA_USAGE = YES_ERROR;
				CLANG_WARN_EMPTY_BODY = YES;
				CLANG_WARN_ENUM_CONVERSION = YES;
				CLANG_WARN_INT_CONVERSION = YES;
				CLANG_WARN_OBJC_ROOT_CLASS = YES_ERROR;
				CLANG_WARN_UNREACHABLE_CODE = YES;
				CLANG_WARN__DUPLICATE_METHOD_MATCH = YES;
				"CODE_SIGN_IDENTITY[sdk=iphoneos*]" = "iPhone Developer";
				COPY_PHASE_STRIP = YES;
				ENABLE_NS_ASSERTIONS = NO;
				ENABLE_STRICT_OBJC_MSGSEND = YES;
				GCC_C_LANGUAGE_STANDARD = gnu99;
				GCC_WARN_64_TO_32_BIT_CONVERSION = YES;
				GCC_WARN_ABOUT_RETURN_TYPE = YES_ERROR;
				GCC_WARN_UNDECLARED_SELECTOR = YES;
				GCC_WARN_UNINITIALIZED_AUTOS = YES_AGGRESSIVE;
				GCC_WARN_UNUSED_FUNCTION = YES;
				GCC_WARN_UNUSED_VARIABLE = YES;
				IPHONEOS_DEPLOYMENT_TARGET = 8.1;
				MTL_ENABLE_DEBUG_INFO = NO;
				SDKROOT = iphoneos;
				VALIDATE_PRODUCT = YES;
			};
			name = Release;
		};
		B777EB261A3F9203008C6056 /* Debug */ = {
			isa = XCBuildConfiguration;
			buildSettings = {
				ASSETCATALOG_COMPILER_APPICON_NAME = AppIcon;
				INFOPLIST_FILE = ProjectA/Info.plist;
				LD_RUNPATH_SEARCH_PATHS = "$(inherited) @executable_path/Frameworks";
				PRODUCT_NAME = "$(TARGET_NAME)";
			};
			name = Debug;
		};
		B777EB271A3F9203008C6056 /* Release */ = {
			isa = XCBuildConfiguration;
			buildSettings = {
				ASSETCATALOG_COMPILER_APPICON_NAME = AppIcon;
				INFOPLIST_FILE = ProjectA/Info.plist;
				LD_RUNPATH_SEARCH_PATHS = "$(inherited) @executable_path/Frameworks";
				PRODUCT_NAME = "$(TARGET_NAME)";
			};
			name = Release;
		};
		B777EB291A3F9203008C6056 /* Debug */ = {
			isa = XCBuildConfiguration;
			buildSettings = {
				BUNDLE_LOADER = "$(TEST_HOST)";
				FRAMEWORK_SEARCH_PATHS = (
					"$(SDKROOT)/Developer/Library/Frameworks",
					"$(inherited)",
				);
				GCC_PREPROCESSOR_DEFINITIONS = (
					"DEBUG=1",
					"$(inherited)",
				);
				INFOPLIST_FILE = ProjectATests/Info.plist;
				LD_RUNPATH_SEARCH_PATHS = "$(inherited) @executable_path/Frameworks @loader_path/Frameworks";
				PRODUCT_NAME = "$(TARGET_NAME)";
				TEST_HOST = "$(BUILT_PRODUCTS_DIR)/ProjectA.app/ProjectA";
			};
			name = Debug;
		};
		B777EB2A1A3F9203008C6056 /* Release */ = {
			isa = XCBuildConfiguration;
			buildSettings = {
				BUNDLE_LOADER = "$(TEST_HOST)";
				FRAMEWORK_SEARCH_PATHS = (
					"$(SDKROOT)/Developer/Library/Frameworks",
					"$(inherited)",
				);
				INFOPLIST_FILE = ProjectATests/Info.plist;
				LD_RUNPATH_SEARCH_PATHS = "$(inherited) @executable_path/Frameworks @loader_path/Frameworks";
				PRODUCT_NAME = "$(TARGET_NAME)";
				TEST_HOST = "$(BUILT_PRODUCTS_DIR)/ProjectA.app/ProjectA";
			};
			name = Release;
		};
/* End XCBuildConfiguration section */

/* Begin XCConfigurationList section */
		B777EB011A3F9202008C6056 /* Build configuration list for PBXProject "ProjectA" */ = {
			isa = XCConfigurationList;
			buildConfigurations = (
				B777EB231A3F9203008C6056 /* Debug */,
				B777EB241A3F9203008C6056 /* Release */,
			);
			defaultConfigurationIsVisible = 0;
			defaultConfigurationName = Release;
		};
		B777EB251A3F9203008C6056 /* Build configuration list for PBXNativeTarget "ProjectA" */ = {
			isa = XCConfigurationList;
			buildConfigurations = (
				B777EB261A3F9203008C6056 /* Debug */,
				B777EB271A3F9203008C6056 /* Release */,
			);
			defaultConfigurationIsVisible = 0;
		};
		B777EB281A3F9203008C6056 /* Build configuration list for PBXNativeTarget "ProjectATests" */ = {
			isa = XCConfigurationList;
			buildConfigurations = (
				B777EB291A3F9203008C6056 /* Debug */,
				B777EB2A1A3F9203008C6056 /* Release */,
			);
			defaultConfigurationIsVisible = 0;
		};
/* End XCConfigurationList section */
	};
	rootObject = B777EAFE1A3F9201008C6056 /* Project object */;
}
